// !$*UTF8*$!
{
	archiveVersion = 1;
	classes = {
	};
	objectVersion = 56;
	objects = {

/* Begin PBXBuildFile section */
		7A8DACCD2AA6DB960096B2AD /* swiftUI_PaginationApp.swift in Sources */ = {isa = PBXBuildFile; fileRef = 7A8DACCC2AA6DB960096B2AD /* swiftUI_PaginationApp.swift */; };
		7A8DACCF2AA6DB960096B2AD /* ContentView.swift in Sources */ = {isa = PBXBuildFile; fileRef = 7A8DACCE2AA6DB960096B2AD /* ContentView.swift */; };
		7A8DACD12AA6DB980096B2AD /* Assets.xcassets in Resources */ = {isa = PBXBuildFile; fileRef = 7A8DACD02AA6DB980096B2AD /* Assets.xcassets */; };
		7A8DACD42AA6DB980096B2AD /* Preview Assets.xcassets in Resources */ = {isa = PBXBuildFile; fileRef = 7A8DACD32AA6DB980096B2AD /* Preview Assets.xcassets */; };
		7A8DACDC2AA6DBD80096B2AD /* Pagination.swift in Sources */ = {isa = PBXBuildFile; fileRef = 7A8DACDB2AA6DBD80096B2AD /* Pagination.swift */; };
		7A8DACDE2AA6DC0B0096B2AD /* Extension+Color.swift in Sources */ = {isa = PBXBuildFile; fileRef = 7A8DACDD2AA6DC0B0096B2AD /* Extension+Color.swift */; };
/* End PBXBuildFile section */

/* Begin PBXFileReference section */
		7A8DACC92AA6DB960096B2AD /* swiftUI-Pagination.app */ = {isa = PBXFileReference; explicitFileType = wrapper.application; includeInIndex = 0; path = "swiftUI-Pagination.app"; sourceTree = BUILT_PRODUCTS_DIR; };
		7A8DACCC2AA6DB960096B2AD /* swiftUI_PaginationApp.swift */ = {isa = PBXFileReference; lastKnownFileType = sourcecode.swift; path = swiftUI_PaginationApp.swift; sourceTree = "<group>"; };
		7A8DACCE2AA6DB960096B2AD /* ContentView.swift */ = {isa = PBXFileReference; lastKnownFileType = sourcecode.swift; path = ContentView.swift; sourceTree = "<group>"; };
		7A8DACD02AA6DB980096B2AD /* Assets.xcassets */ = {isa = PBXFileReference; lastKnownFileType = folder.assetcatalog; path = Assets.xcassets; sourceTree = "<group>"; };
		7A8DACD32AA6DB980096B2AD /* Preview Assets.xcassets */ = {isa = PBXFileReference; lastKnownFileType = folder.assetcatalog; path = "Preview Assets.xcassets"; sourceTree = "<group>"; };
		7A8DACD52AA6DB980096B2AD /* swiftUI_Pagination.entitlements */ = {isa = PBXFileReference; lastKnownFileType = text.plist.entitlements; path = swiftUI_Pagination.entitlements; sourceTree = "<group>"; };
		7A8DACDB2AA6DBD80096B2AD /* Pagination.swift */ = {isa = PBXFileReference; lastKnownFileType = sourcecode.swift; path = Pagination.swift; sourceTree = "<group>"; };
		7A8DACDD2AA6DC0B0096B2AD /* Extension+Color.swift */ = {isa = PBXFileReference; lastKnownFileType = sourcecode.swift; path = "Extension+Color.swift"; sourceTree = "<group>"; };
/* End PBXFileReference section */

/* Begin PBXFrameworksBuildPhase section */
		7A8DACC62AA6DB960096B2AD /* Frameworks */ = {
			isa = PBXFrameworksBuildPhase;
			buildActionMask = 2147483647;
			files = (
			);
			runOnlyForDeploymentPostprocessing = 0;
		};
/* End PBXFrameworksBuildPhase section */

/* Begin PBXGroup section */
		7A8DACC02AA6DB960096B2AD = {
			isa = PBXGroup;
			children = (
				7A8DACCB2AA6DB960096B2AD /* swiftUI-Pagination */,
				7A8DACCA2AA6DB960096B2AD /* Products */,
			);
			sourceTree = "<group>";
		};
		7A8DACCA2AA6DB960096B2AD /* Products */ = {
			isa = PBXGroup;
			children = (
				7A8DACC92AA6DB960096B2AD /* swiftUI-Pagination.app */,
			);
			name = Products;
			sourceTree = "<group>";
		};
		7A8DACCB2AA6DB960096B2AD /* swiftUI-Pagination */ = {
			isa = PBXGroup;
			children = (
				7A8DACCC2AA6DB960096B2AD /* swiftUI_PaginationApp.swift */,
				7A8DACCE2AA6DB960096B2AD /* ContentView.swift */,
				7A8DACD02AA6DB980096B2AD /* Assets.xcassets */,
				7A8DACD52AA6DB980096B2AD /* swiftUI_Pagination.entitlements */,
				7A8DACD22AA6DB980096B2AD /* Preview Content */,
				7A8DACDB2AA6DBD80096B2AD /* Pagination.swift */,
				7A8DACDD2AA6DC0B0096B2AD /* Extension+Color.swift */,
			);
			path = "swiftUI-Pagination";
			sourceTree = "<group>";
		};
		7A8DACD22AA6DB980096B2AD /* Preview Content */ = {
			isa = PBXGroup;
			children = (
				7A8DACD32AA6DB980096B2AD /* Preview Assets.xcassets */,
			);
			path = "Preview Content";
			sourceTree = "<group>";
		};
/* End PBXGroup section */

/* Begin PBXNativeTarget section */
		7A8DACC82AA6DB960096B2AD /* swiftUI-Pagination */ = {
			isa = PBXNativeTarget;
			buildConfigurationList = 7A8DACD82AA6DB980096B2AD /* Build configuration list for PBXNativeTarget "swiftUI-Pagination" */;
			buildPhases = (
				7A8DACC52AA6DB960096B2AD /* Sources */,
				7A8DACC62AA6DB960096B2AD /* Frameworks */,
				7A8DACC72AA6DB960096B2AD /* Resources */,
			);
			buildRules = (
			);
			dependencies = (
			);
			name = "swiftUI-Pagination";
			productName = "swiftUI-Pagination";
			productReference = 7A8DACC92AA6DB960096B2AD /* swiftUI-Pagination.app */;
			productType = "com.apple.product-type.application";
		};
/* End PBXNativeTarget section */

/* Begin PBXProject section */
		7A8DACC12AA6DB960096B2AD /* Project object */ = {
			isa = PBXProject;
			attributes = {
				BuildIndependentTargetsInParallel = 1;
				LastSwiftUpdateCheck = 1430;
				LastUpgradeCheck = 1430;
				TargetAttributes = {
					7A8DACC82AA6DB960096B2AD = {
						CreatedOnToolsVersion = 14.3.1;
					};
				};
			};
			buildConfigurationList = 7A8DACC42AA6DB960096B2AD /* Build configuration list for PBXProject "swiftUI-Pagination" */;
			compatibilityVersion = "Xcode 14.0";
			developmentRegion = en;
			hasScannedForEncodings = 0;
			knownRegions = (
				en,
				Base,
			);
			mainGroup = 7A8DACC02AA6DB960096B2AD;
			productRefGroup = 7A8DACCA2AA6DB960096B2AD /* Products */;
			projectDirPath = "";
			projectRoot = "";
			targets = (
				7A8DACC82AA6DB960096B2AD /* swiftUI-Pagination */,
			);
		};
/* End PBXProject section */

/* Begin PBXResourcesBuildPhase section */
		7A8DACC72AA6DB960096B2AD /* Resources */ = {
			isa = PBXResourcesBuildPhase;
			buildActionMask = 2147483647;
			files = (
				7A8DACD42AA6DB980096B2AD /* Preview Assets.xcassets in Resources */,
				7A8DACD12AA6DB980096B2AD /* Assets.xcassets in Resources */,
			);
			runOnlyForDeploymentPostprocessing = 0;
		};
/* End PBXResourcesBuildPhase section */

/* Begin PBXSourcesBuildPhase section */
		7A8DACC52AA6DB960096B2AD /* Sources */ = {
			isa = PBXSourcesBuildPhase;
			buildActionMask = 2147483647;
			files = (
				7A8DACDC2AA6DBD80096B2AD /* Pagination.swift in Sources */,
				7A8DACCF2AA6DB960096B2AD /* ContentView.swift in Sources */,
				7A8DACCD2AA6DB960096B2AD /* swiftUI_PaginationApp.swift in Sources */,
				7A8DACDE2AA6DC0B0096B2AD /* Extension+Color.swift in Sources */,
			);
			runOnlyForDeploymentPostprocessing = 0;
		};
/* End PBXSourcesBuildPhase section */

/* Begin XCBuildConfiguration section */
		7A8DACD62AA6DB980096B2AD /* Debug */ = {
			isa = XCBuildConfiguration;
			buildSettings = {
				ALWAYS_SEARCH_USER_PATHS = NO;
				CLANG_ANALYZER_NONNULL = YES;
				CLANG_ANALYZER_NUMBER_OBJECT_CONVERSION = YES_AGGRESSIVE;
				CLANG_CXX_LANGUAGE_STANDARD = "gnu++20";
				CLANG_ENABLE_MODULES = YES;
				CLANG_ENABLE_OBJC_ARC = YES;
				CLANG_ENABLE_OBJC_WEAK = YES;
				CLANG_WARN_BLOCK_CAPTURE_AUTORELEASING = YES;
				CLANG_WARN_BOOL_CONVERSION = YES;
				CLANG_WARN_COMMA = YES;
				CLANG_WARN_CONSTANT_CONVERSION = YES;
				CLANG_WARN_DEPRECATED_OBJC_IMPLEMENTATIONS = YES;
				CLANG_WARN_DIRECT_OBJC_ISA_USAGE = YES_ERROR;
				CLANG_WARN_DOCUMENTATION_COMMENTS = YES;
				CLANG_WARN_EMPTY_BODY = YES;
				CLANG_WARN_ENUM_CONVERSION = YES;
				CLANG_WARN_INFINITE_RECURSION = YES;
				CLANG_WARN_INT_CONVERSION = YES;
				CLANG_WARN_NON_LITERAL_NULL_CONVERSION = YES;
				CLANG_WARN_OBJC_IMPLICIT_RETAIN_SELF = YES;
				CLANG_WARN_OBJC_LITERAL_CONVERSION = YES;
				CLANG_WARN_OBJC_ROOT_CLASS = YES_ERROR;
				CLANG_WARN_QUOTED_INCLUDE_IN_FRAMEWORK_HEADER = YES;
				CLANG_WARN_RANGE_LOOP_ANALYSIS = YES;
				CLANG_WARN_STRICT_PROTOTYPES = YES;
				CLANG_WARN_SUSPICIOUS_MOVE = YES;
				CLANG_WARN_UNGUARDED_AVAILABILITY = YES_AGGRESSIVE;
				CLANG_WARN_UNREACHABLE_CODE = YES;
				CLANG_WARN__DUPLICATE_METHOD_MATCH = YES;
				COPY_PHASE_STRIP = NO;
				DEBUG_INFORMATION_FORMAT = dwarf;
				ENABLE_STRICT_OBJC_MSGSEND = YES;
				ENABLE_TESTABILITY = YES;
				GCC_C_LANGUAGE_STANDARD = gnu11;
				GCC_DYNAMIC_NO_PIC = NO;
				GCC_NO_COMMON_BLOCKS = YES;
				GCC_OPTIMIZATION_LEVEL = 0;
				GCC_PREPROCESSOR_DEFINITIONS = (
					"DEBUG=1",
					"$(inherited)",
				);
				GCC_WARN_64_TO_32_BIT_CONVERSION = YES;
				GCC_WARN_ABOUT_RETURN_TYPE = YES_ERROR;
				GCC_WARN_UNDECLARED_SELECTOR = YES;
				GCC_WARN_UNINITIALIZED_AUTOS = YES_AGGRESSIVE;
				GCC_WARN_UNUSED_FUNCTION = YES;
				GCC_WARN_UNUSED_VARIABLE = YES;
				MACOSX_DEPLOYMENT_TARGET = 13.3;
				MTL_ENABLE_DEBUG_INFO = INCLUDE_SOURCE;
				MTL_FAST_MATH = YES;
				ONLY_ACTIVE_ARCH = YES;
				SDKROOT = macosx;
				SWIFT_ACTIVE_COMPILATION_CONDITIONS = DEBUG;
				SWIFT_OPTIMIZATION_LEVEL = "-Onone";
			};
			name = Debug;
		};
		7A8DACD72AA6DB980096B2AD /* Release */ = {
			isa = XCBuildConfiguration;
			buildSettings = {
				ALWAYS_SEARCH_USER_PATHS = NO;
				CLANG_ANALYZER_NONNULL = YES;
				CLANG_ANALYZER_NUMBER_OBJECT_CONVERSION = YES_AGGRESSIVE;
				CLANG_CXX_LANGUAGE_STANDARD = "gnu++20";
				CLANG_ENABLE_MODULES = YES;
				CLANG_ENABLE_OBJC_ARC = YES;
				CLANG_ENABLE_OBJC_WEAK = YES;
				CLANG_WARN_BLOCK_CAPTURE_AUTORELEASING = YES;
				CLANG_WARN_BOOL_CONVERSION = YES;
				CLANG_WARN_COMMA = YES;
				CLANG_WARN_CONSTANT_CONVERSION = YES;
				CLANG_WARN_DEPRECATED_OBJC_IMPLEMENTATIONS = YES;
				CLANG_WARN_DIRECT_OBJC_ISA_USAGE = YES_ERROR;
				CLANG_WARN_DOCUMENTATION_COMMENTS = YES;
				CLANG_WARN_EMPTY_BODY = YES;
				CLANG_WARN_ENUM_CONVERSION = YES;
				CLANG_WARN_INFINITE_RECURSION = YES;
				CLANG_WARN_INT_CONVERSION = YES;
				CLANG_WARN_NON_LITERAL_NULL_CONVERSION = YES;
				CLANG_WARN_OBJC_IMPLICIT_RETAIN_SELF = YES;
				CLANG_WARN_OBJC_LITERAL_CONVERSION = YES;
				CLANG_WARN_OBJC_ROOT_CLASS = YES_ERROR;
				CLANG_WARN_QUOTED_INCLUDE_IN_FRAMEWORK_HEADER = YES;
				CLANG_WARN_RANGE_LOOP_ANALYSIS = YES;
				CLANG_WARN_STRICT_PROTOTYPES = YES;
				CLANG_WARN_SUSPICIOUS_MOVE = YES;
				CLANG_WARN_UNGUARDED_AVAILABILITY = YES_AGGRESSIVE;
				CLANG_WARN_UNREACHABLE_CODE = YES;
				CLANG_WARN__DUPLICATE_METHOD_MATCH = YES;
				COPY_PHASE_STRIP = NO;
				DEBUG_INFORMATION_FORMAT = "dwarf-with-dsym";
				ENABLE_NS_ASSERTIONS = NO;
				ENABLE_STRICT_OBJC_MSGSEND = YES;
				GCC_C_LANGUAGE_STANDARD = gnu11;
				GCC_NO_COMMON_BLOCKS = YES;
				GCC_WARN_64_TO_32_BIT_CONVERSION = YES;
				GCC_WARN_ABOUT_RETURN_TYPE = YES_ERROR;
				GCC_WARN_UNDECLARED_SELECTOR = YES;
				GCC_WARN_UNINITIALIZED_AUTOS = YES_AGGRESSIVE;
				GCC_WARN_UNUSED_FUNCTION = YES;
				GCC_WARN_UNUSED_VARIABLE = YES;
				MACOSX_DEPLOYMENT_TARGET = 13.3;
				MTL_ENABLE_DEBUG_INFO = NO;
				MTL_FAST_MATH = YES;
				SDKROOT = macosx;
				SWIFT_COMPILATION_MODE = wholemodule;
				SWIFT_OPTIMIZATION_LEVEL = "-O";
			};
			name = Release;
		};
		7A8DACD92AA6DB980096B2AD /* Debug */ = {
			isa = XCBuildConfiguration;
			buildSettings = {
				ASSETCATALOG_COMPILER_APPICON_NAME = AppIcon;
				ASSETCATALOG_COMPILER_GLOBAL_ACCENT_COLOR_NAME = AccentColor;
				CODE_SIGN_ENTITLEMENTS = "swiftUI-Pagination/swiftUI_Pagination.entitlements";
				CODE_SIGN_STYLE = Automatic;
				COMBINE_HIDPI_IMAGES = YES;
				CURRENT_PROJECT_VERSION = 1;
				DEVELOPMENT_ASSET_PATHS = "\"swiftUI-Pagination/Preview Content\"";
				DEVELOPMENT_TEAM = 6WW7V8MZ6M;
				ENABLE_HARDENED_RUNTIME = YES;
				ENABLE_PREVIEWS = YES;
				GENERATE_INFOPLIST_FILE = YES;
				INFOPLIST_KEY_NSHumanReadableCopyright = "";
				LD_RUNPATH_SEARCH_PATHS = (
					"$(inherited)",
					"@executable_path/../Frameworks",
				);
				MARKETING_VERSION = 1.0;
				PRODUCT_BUNDLE_IDENTIFIER = "com.zhanggen.io.swiftUI-Pagination";
				PRODUCT_NAME = "$(TARGET_NAME)";
				SWIFT_EMIT_LOC_STRINGS = YES;
				SWIFT_VERSION = 5.0;
			};
			name = Debug;
		};
		7A8DACDA2AA6DB980096B2AD /* Release */ = {
			isa = XCBuildConfiguration;
			buildSettings = {
				ASSETCATALOG_COMPILER_APPICON_NAME = AppIcon;
				ASSETCATALOG_COMPILER_GLOBAL_ACCENT_COLOR_NAME = AccentColor;
				CODE_SIGN_ENTITLEMENTS = "swiftUI-Pagination/swiftUI_Pagination.entitlements";
				CODE_SIGN_STYLE = Automatic;
				COMBINE_HIDPI_IMAGES = YES;
				CURRENT_PROJECT_VERSION = 1;
				DEVELOPMENT_ASSET_PATHS = "\"swiftUI-Pagination/Preview Content\"";
				DEVELOPMENT_TEAM = 6WW7V8MZ6M;
				ENABLE_HARDENED_RUNTIME = YES;
				ENABLE_PREVIEWS = YES;
				GENERATE_INFOPLIST_FILE = YES;
				INFOPLIST_KEY_NSHumanReadableCopyright = "";
				LD_RUNPATH_SEARCH_PATHS = (
					"$(inherited)",
					"@executable_path/../Frameworks",
				);
				MARKETING_VERSION = 1.0;
				PRODUCT_BUNDLE_IDENTIFIER = "com.zhanggen.io.swiftUI-Pagination";
				PRODUCT_NAME = "$(TARGET_NAME)";
				SWIFT_EMIT_LOC_STRINGS = YES;
				SWIFT_VERSION = 5.0;
			};
			name = Release;
		};
/* End XCBuildConfiguration section */

/* Begin XCConfigurationList section */
		7A8DACC42AA6DB960096B2AD /* Build configuration list for PBXProject "swiftUI-Pagination" */ = {
			isa = XCConfigurationList;
			buildConfigurations = (
				7A8DACD62AA6DB980096B2AD /* Debug */,
				7A8DACD72AA6DB980096B2AD /* Release */,
			);
			defaultConfigurationIsVisible = 0;
			defaultConfigurationName = Release;
		};
		7A8DACD82AA6DB980096B2AD /* Build configuration list for PBXNativeTarget "swiftUI-Pagination" */ = {
			isa = XCConfigurationList;
			buildConfigurations = (
				7A8DACD92AA6DB980096B2AD /* Debug */,
				7A8DACDA2AA6DB980096B2AD /* Release */,
			);
			defaultConfigurationIsVisible = 0;
			defaultConfigurationName = Release;
		};
/* End XCConfigurationList section */
	};
	rootObject = 7A8DACC12AA6DB960096B2AD /* Project object */;
}
